
Microsoft Visual Studio Solution File, Format Version 12.00
# Visual Studio Version 16
VisualStudioVersion = 16.0.30320.27
MinimumVisualStudioVersion = 10.0.40219.1
Project("{FAE04EC0-301F-11D3-BF4B-00C04F79EFBC}") = "DesignPattern", "DesignPattern\DesignPattern.csproj", "{9E830B3D-B2F4-4A7A-AF44-B7EE94750FA9}"
EndProject
Global
	GlobalSection(SolutionConfigurationPlatforms) = preSolution
		Debug|Any CPU = Debug|Any CPU
		Release|Any CPU = Release|Any CPU
	EndGlobalSection
	GlobalSection(ProjectConfigurationPlatforms) = postSolution
		{9E830B3D-B2F4-4A7A-AF44-B7EE94750FA9}.Debug|Any CPU.ActiveCfg = Debug|Any CPU
		{9E830B3D-B2F4-4A7A-AF44-B7EE94750FA9}.Debug|Any CPU.Build.0 = Debug|Any CPU
		{9E830B3D-B2F4-4A7A-AF44-B7EE94750FA9}.Release|Any CPU.ActiveCfg = Release|Any CPU
		{9E830B3D-B2F4-4A7A-AF44-B7EE94750FA9}.Release|Any CPU.Build.0 = Release|Any CPU
	EndGlobalSection
	GlobalSection(SolutionProperties) = preSolution
		HideSolutionNode = FALSE
	EndGlobalSection
	GlobalSection(ExtensibilityGlobals) = postSolution
		SolutionGuid = {B29CF2F5-404D-410D-B6FC-105FDE80EFB3}
	EndGlobalSection
EndGlobal
